
Microsoft Visual Studio Solution File, Format Version 12.00
# Visual Studio Version 16
VisualStudioVersion = 16.0.30611.23
MinimumVisualStudioVersion = 10.0.40219.1
Project("{FAE04EC0-301F-11D3-BF4B-00C04F79EFBC}") = "HoPhiLong", "HoPhiLong\HoPhiLong.csproj", "{1DA7A00B-758A-4749-8648-9D63491CA542}"
EndProject
Global
	GlobalSection(SolutionConfigurationPlatforms) = preSolution
		Debug|Any CPU = Debug|Any CPU
		Release|Any CPU = Release|Any CPU
	EndGlobalSection
	GlobalSection(ProjectConfigurationPlatforms) = postSolution
		{1DA7A00B-758A-4749-8648-9D63491CA542}.Debug|Any CPU.ActiveCfg = Debug|Any CPU
		{1DA7A00B-758A-4749-8648-9D63491CA542}.Debug|Any CPU.Build.0 = Debug|Any CPU
		{1DA7A00B-758A-4749-8648-9D63491CA542}.Release|Any CPU.ActiveCfg = Release|Any CPU
		{1DA7A00B-758A-4749-8648-9D63491CA542}.Release|Any CPU.Build.0 = Release|Any CPU
	EndGlobalSection
	GlobalSection(SolutionProperties) = preSolution
		HideSolutionNode = FALSE
	EndGlobalSection
	GlobalSection(ExtensibilityGlobals) = postSolution
		SolutionGuid = {54916DAB-66E1-4447-A956-0BA34C4F6014}
	EndGlobalSection
EndGlobal
